github.com/gomarkdown/markdown v0.0.0-20220510115730-2372b9aa33e5 h1:mjLaNMRojfgo2qgSdEX1CzmG7rHTeOWZdO1T1sgjEb0=
github.com/gomarkdown/markdown v0.0.0-20220510115730-2372b9aa33e5/go.mod h1:JDGcbDT52eL4fju3sZ4TeHGsQwhG9nbDV21aMyhwPoA=
github.com/gomarkdown/markdown v0.0.0-20230322041520-c84983bdbf2a h1:AWZzzFrqyjYlRloN6edwTLTUbKxf5flLXNuTBDm3Ews=
github.com/gomarkdown/markdown v0.0.0-20230322041520-c84983bdbf2a/go.mod h1:JDGcbDT52eL4fju3sZ4TeHGsQwhG9nbDV21aMyhwPoA=
